
Microsoft Visual Studio Solution File, Format Version 12.00
# Visual Studio Version 17
VisualStudioVersion = 17.0.31903.59
MinimumVisualStudioVersion = 10.0.40219.1
Project("{FAE04EC0-301F-11D3-BF4B-00C04F79EFBC}") = "SimpleCalculator", "SimpleCalculator\SimpleCalculator.csproj", "{04996D10-0576-41AB-93A0-7487A916683B}"
EndProject
Project("{FAE04EC0-301F-11D3-BF4B-00C04F79EFBC}") = "SimpleCalculator.Tests", "SimpleCalculator.Tests\SimpleCalculator.Tests.csproj", "{81FAA607-826B-4E2B-AED8-B563A52D412D}"
EndProject
Global
	GlobalSection(SolutionConfigurationPlatforms) = preSolution
		Debug|Any CPU = Debug|Any CPU
		Release|Any CPU = Release|Any CPU
	EndGlobalSection
	GlobalSection(SolutionProperties) = preSolution
		HideSolutionNode = FALSE
	EndGlobalSection
	GlobalSection(ProjectConfigurationPlatforms) = postSolution
		{04996D10-0576-41AB-93A0-7487A916683B}.Debug|Any CPU.ActiveCfg = Debug|Any CPU
		{04996D10-0576-41AB-93A0-7487A916683B}.Debug|Any CPU.Build.0 = Debug|Any CPU
		{04996D10-0576-41AB-93A0-7487A916683B}.Release|Any CPU.ActiveCfg = Release|Any CPU
		{04996D10-0576-41AB-93A0-7487A916683B}.Release|Any CPU.Build.0 = Release|Any CPU
		{81FAA607-826B-4E2B-AED8-B563A52D412D}.Debug|Any CPU.ActiveCfg = Debug|Any CPU
		{81FAA607-826B-4E2B-AED8-B563A52D412D}.Debug|Any CPU.Build.0 = Debug|Any CPU
		{81FAA607-826B-4E2B-AED8-B563A52D412D}.Release|Any CPU.ActiveCfg = Release|Any CPU
		{81FAA607-826B-4E2B-AED8-B563A52D412D}.Release|Any CPU.Build.0 = Release|Any CPU
	EndGlobalSection
EndGlobal
